dependencies:
- name: flux2
  repository: https://fluxcd-community.github.io/helm-charts
  version: 2.19.1
- name: gpu-feature-discovery
  repository: https://nvidia.github.io/k8s-device-plugin
  version: 0.20.1
- name: local-csi-driver
  repository: oci://localcsidriver.azurecr.io/acstor/charts
  version: 0.3.0
- name: productionstack
  repository: oci://mcr.microsoft.com/aks/kaito/helm
  version: 0.4.3
digest: sha256:a119a837dc61b9da2530e6705018dfc8db37b80335d475aeb7efe758080ac7d2
generated: "2026-10-10T11:28:11.447291019Z"
